
Microsoft Visual Studio Solution File, Format Version 12.00
# Visual Studio Version 17
VisualStudioVersion = 17.14.36301.6 d17.14
MinimumVisualStudioVersion = 10.0.40219.1
Project("{FAE04EC0-301F-11D3-BF4B-00C04F79EFBC}") = "MarketApi", "MarketApi.csproj", "{C3CBD702-462D-46AE-AC79-D7700EE0ABFA}"
EndProject
Global
	GlobalSection(SolutionConfigurationPlatforms) = preSolution
		Debug|Any CPU = Debug|Any CPU
		Release|Any CPU = Release|Any CPU
	EndGlobalSection
	GlobalSection(ProjectConfigurationPlatforms) = postSolution
		{C3CBD702-462D-46AE-AC79-D7700EE0ABFA}.Debug|Any CPU.ActiveCfg = Debug|Any CPU
		{C3CBD702-462D-46AE-AC79-D7700EE0ABFA}.Debug|Any CPU.Build.0 = Debug|Any CPU
		{C3CBD702-462D-46AE-AC79-D7700EE0ABFA}.Release|Any CPU.ActiveCfg = Release|Any CPU
		{C3CBD702-462D-46AE-AC79-D7700EE0ABFA}.Release|Any CPU.Build.0 = Release|Any CPU
	EndGlobalSection
	GlobalSection(SolutionProperties) = preSolution
		HideSolutionNode = FALSE
	EndGlobalSection
	GlobalSection(ExtensibilityGlobals) = postSolution
		SolutionGuid = {9D7DBDDF-EC54-4FD8-9B6D-FB6FAD86C0B2}
	EndGlobalSection
EndGlobal
